{
  "version": 4,
  "terraform_version": "1.9.5",
  "serial": 7,
  "lineage": "3cc25697-1c37-af86-fea5-774bd46e9f9b",
  "outputs": {
    "cluster_name": {
      "value": "my-test-cluster",
      "type": "string"
    }
  },
  "resources": [
    {
      "mode": "data",
      "type": "google_client_config",
      "name": "default",
      "provider": "provider[\"registry.terraform.io/hashicorp/google\"]",
      "instances": [
        {
          "schema_version": 0,
          "attributes": {
            "access_token": "ya29.c.c0ASRK0GbdTHCtzzgHMzjQfLDUm_VSXT3kXaheriW5E8qOCr_togVEEE8YJ5w3x-KzvVLm_F2uC3YX81N54X45NMnAIKd-XxRne3ej5QTcUvWj5bWQ-xzp1Hcdfes-r-88rltQ4Rm9t4CnXC152sedMHRSXkXJhL9Lp4WO08WB949AossH3IUHttuNNhOmhs3c2hdtvDvAnUPGshIBF2tkxN5h8M1YGfx_vOaJwJrSFG4TglS8q4vXxMjow9BXIf209llmwbkwhdeyMgoeMPu2IBdaZMQUlgij2mRaT8YlvPvo2hLD-ggPW_czB5gziOkpB1DO2qbIs3eKMoIi7pjMmWM4cj5fAkI2cIlau_RkRIIx1rae6E2crYQQN385P4kYZ2RMxj14QqRUuaZzeycq_RykYcrbijYuUzZlboXzY3963mxbQ628we8kyc05qeWfuWvJYb0mZydIgqI5zxo4Vxh_6X6Wk6p2IVzRpW4JyYexp4r8U7kurdJ_qRFqj_2O1gqZBdjiou9B0Ov3YZ9o9nefMUxypJl50WXS9jFcl4gX3h42l03-Y10e0Zbpxj7YXR7d1lgdojXsFtcOs_l2XIcqjz17qiX6-iRsi8fatiZ1UF67femn22imBwgi54MqaXs7OFxFM9dWiqJwSj_jf3I4v1c2njUm63oBYxrf8chtb1WmVzpyhg_UBl6QSqpl_QbisFFZ1-0Ign1Ol432XQ4m6w2vqBynukWVgUr2sv2c6Jz2l_2SmFeztFevFShXilF8JhlX7_nVIpvociunb7rbOUymhvMvotwxwWxUqh-jzV5htc9ZqgZZbopXaliUunx9_gF3VW_9tghRmyka4tJwF5iOyt-s8wneswtcllzXZg1j8mB1ad50IbzRg5SsrWf1m4ysxy_IZscOtstZhpW0tnSZ92upIwoX0JlsOcFt4Jr37Iz6aazd4UV1zxqrZitx1hu4qsW968MQmu2MSQ8evJu40chqJWc-gj3hpOYrjdMy5QsifZp",
            "default_labels": null,
            "id": "projects/\"forward-lead-435308-d1\"/regions/\"europe-central2\"/zones/\u003cnull\u003e",
            "project": "forward-lead-435308-d1",
            "region": "europe-central2",
            "zone": null
          },
          "sensitive_attributes": [
            [
              {
                "type": "get_attr",
                "value": "access_token"
              }
            ]
          ]
        }
      ]
    },
    {
      "mode": "managed",
      "type": "google_container_cluster",
      "name": "primary",
      "provider": "provider[\"registry.terraform.io/hashicorp/google\"]",
      "instances": [
        {
          "schema_version": 2,
          "attributes": {
            "addons_config": [
              {
                "cloudrun_config": [],
                "config_connector_config": [],
                "dns_cache_config": [],
                "gce_persistent_disk_csi_driver_config": [
                  {
                    "enabled": true
                  }
                ],
                "gcp_filestore_csi_driver_config": [],
                "gcs_fuse_csi_driver_config": [],
                "gke_backup_agent_config": [],
                "horizontal_pod_autoscaling": [],
                "http_load_balancing": [],
                "network_policy_config": [
                  {
                    "disabled": true
                  }
                ],
                "ray_operator_config": [],
                "stateful_ha_config": []
              }
            ],
            "allow_net_admin": null,
            "authenticator_groups_config": [],
            "binary_authorization": [
              {
                "enabled": false,
                "evaluation_mode": ""
              }
            ],
            "cluster_autoscaling": [
              {
                "auto_provisioning_defaults": [],
                "auto_provisioning_locations": [],
                "autoscaling_profile": "BALANCED",
                "enabled": false,
                "resource_limits": []
              }
            ],
            "cluster_ipv4_cidr": "10.76.0.0/14",
            "confidential_nodes": [],
            "cost_management_config": [],
            "database_encryption": [
              {
                "key_name": "",
                "state": "DECRYPTED"
              }
            ],
            "datapath_provider": "",
            "default_max_pods_per_node": 110,
            "default_snat_status": [
              {
                "disabled": false
              }
            ],
            "deletion_protection": false,
            "description": "",
            "dns_config": [],
            "effective_labels": {
              "goog-terraform-provisioned": "true"
            },
            "enable_autopilot": false,
            "enable_cilium_clusterwide_network_policy": false,
            "enable_intranode_visibility": false,
            "enable_k8s_beta_apis": [],
            "enable_kubernetes_alpha": false,
            "enable_l4_ilb_subsetting": false,
            "enable_legacy_abac": false,
            "enable_multi_networking": false,
            "enable_shielded_nodes": true,
            "enable_tpu": false,
            "endpoint": "34.118.123.134",
            "fleet": [],
            "gateway_api_config": [],
            "id": "projects/forward-lead-435308-d1/locations/europe-central2/clusters/my-test-cluster",
            "identity_service_config": [],
            "initial_node_count": 1,
            "ip_allocation_policy": [
              {
                "additional_pod_ranges_config": [],
                "cluster_ipv4_cidr_block": "10.76.0.0/14",
                "cluster_secondary_range_name": "gke-my-test-cluster-pods-65f46ee1",
                "pod_cidr_overprovision_config": [
                  {
                    "disabled": false
                  }
                ],
                "services_ipv4_cidr_block": "34.118.224.0/20",
                "services_secondary_range_name": "",
                "stack_type": "IPV4"
              }
            ],
            "label_fingerprint": "78cdf2f6",
            "location": "europe-central2",
            "logging_config": [
              {
                "enable_components": [
                  "SYSTEM_COMPONENTS",
                  "WORKLOADS"
                ]
              }
            ],
            "logging_service": "logging.googleapis.com/kubernetes",
            "maintenance_policy": [],
            "master_auth": [
              {
                "client_certificate": "",
                "client_certificate_config": [
                  {
                    "issue_client_certificate": false
                  }
                ],
                "client_key": "",
                "cluster_ca_certificate": "LS0tLS1CRUdJTiBDRVJUSUZJQ0FURS0tLS0tCk1JSUVMRENDQXBTZ0F3SUJBZ0lRRWVvaGF4bnhEN1pjZ2lIekZkWm9FekFOQmdrcWhraUc5dzBCQVFzRkFEQXYKTVMwd0t3WURWUVFERXlRM1pXUmtZMll5TWkweU1qaG1MVFF5TlRRdE9UQmpaUzFsTUdZME56ZzNPR1JtWlRRdwpJQmNOTWpRd09USTFNVEl4TkRVNVdoZ1BNakExTkRBNU1UZ3hNekUwTlRsYU1DOHhMVEFyQmdOVkJBTVRKRGRsClpHUmpaakl5TFRJeU9HWXROREkxTkMwNU1HTmxMV1V3WmpRM09EYzRaR1psTkRDQ0FhSXdEUVlKS29aSWh2Y04KQVFFQkJRQURnZ0dQQURDQ0FZb0NnZ0dCQUpiL2xWdTlielEvVGtWMklYWVhiY04rY210YWFJLzEyVkc0TythZgpidlppaGwxVGxEaWExdG9rblNDUEU2Z082Z2xUblQyM1IzV1pOWmNBNGxNYzJXY3FnNjh4TjZkMXpNY1huU3lhCnRhM01rWjlXZklxa1JCWGdyVnoweWZzZmxZYkkwaXZCL2FvVXBpYnVkQVRwMTdDTTEwMWVWRGVXZnJOZ1hjRGQKUXhSK3RBOWFNZVRoQnltdlJ1VG9xb3VCY0hOaUYweWYrcUdFZDM5Nm5IdEVkMEFPRFU0ZEtZQnp6RkMyR0tMdgprTXMyWE01Uk44SmIyRzY4eFRxQWN5bm5KYVNCQ0pJNGRhbjROTGYvdStSLytuYkRqTzVRUXpHYkNtUk0vK250CnBaTmZMMW94dCs5YkVkRnFWZVkwSk55ZFBUb0s0N29Ic2NQZXBLWGdSSklxaERSRS9KOEhoa2NHckxsaHAwS0kKa2FYNFhic0RIcUpITGJIb09jNVdpUEJsOEdoRXVWL0tCYUllNDNXUkhlb3QwcTN4ZEJuMlA2dGVNR1JzRUVidAprc0xKaEZZdDFrdGRhc09sTzVxU0xQVmdpbVN6OVJleTNNaDg3YXFQdUdXTWxiaXBGUTV4RUp3N05DYyt6ZGhhClUzazhxaXZ2OVcwZ0NWOEtWRytySDdXbTJRSURBUUFCbzBJd1FEQU9CZ05WSFE4QkFmOEVCQU1DQWdRd0R3WUQKVlIwVEFRSC9CQVV3QXdFQi96QWRCZ05WSFE0RUZnUVVqRlF6VGs3TWFkdTZ3YThRS21kcVhtdzZxdnd3RFFZSgpLb1pJaHZjTkFRRUxCUUFEZ2dHQkFIR3lOOWJJM21lMFpiYTNQRWVOd3B4VGhoM0JqTGlCS3Yyb0dvVXNkK3BkCkhXdjVnNURCUFY0MVF5WDNtWk5VYmIxRnZTdngzQ2p2VVd2Z3lrWDdOYUFMRlFtQWhmUUNzSk9hV2xoVHVKOWEKRDFJMmFsTlo3RklrV0JuSWdBTS95MGFzZExQUEZMSitGNWh3Y2xjYWpqa1ZQZnErSkRNY2oycWx6a0FtdVNmagp4SlJtSTVlS2pEMHJtRFR6Z1FsUlhOZkdjempId084NEo4dzFtTkVPTTd4T3FIdnppV3lNZCtsYTBSRklsbStlClVjSENWVVBocWxPT0dITGt5ZmJRNTZKQW92UkhNMjd6bnR0WGVUVk9VMTVaSzN4ZXNsMWlKWnNGTnhXNXpVenUKS3pwRzhnZzcxN0R0RGw2TXpsMU1na1JIZ0dNZi9GRzQrVlM1ekNTTjZTd2ZDMkg3anYwT0Rsbi9kV1UvQm1wRwpUZ2k0Zm1Cc1hMYWUwZnZvZlQ3VnN6MXlmdVpwcVBkM2RHWWFvQTY3MDF2TFhYZVptR1hzeTlSMmk5WFB4bktSCjlxVDFQRDhWVDRybWE1bE5zdFRtanlHYUlVNTBsaDlhVUhRb2Nvemc3MXk5eGx5aDMvSURUeDV0QmtKcmVodkgKSlFvVGRNQ01HVVowcEJOZCtoazhLdz09Ci0tLS0tRU5EIENFUlRJRklDQVRFLS0tLS0K"
              }
            ],
            "master_authorized_networks_config": [],
            "master_version": "1.30.3-gke.1969001",
            "mesh_certificates": [],
            "min_master_version": null,
            "monitoring_config": [
              {
                "advanced_datapath_observability_config": [
                  {
                    "enable_metrics": false,
                    "enable_relay": false
                  }
                ],
                "enable_components": [
                  "SYSTEM_COMPONENTS",
                  "HPA",
                  "POD",
                  "DAEMONSET",
                  "DEPLOYMENT",
                  "STATEFULSET",
                  "STORAGE",
                  "KUBELET",
                  "CADVISOR"
                ],
                "managed_prometheus": [
                  {
                    "enabled": true
                  }
                ]
              }
            ],
            "monitoring_service": "monitoring.googleapis.com/kubernetes",
            "name": "my-test-cluster",
            "network": "projects/forward-lead-435308-d1/global/networks/default",
            "network_policy": [
              {
                "enabled": false,
                "provider": "PROVIDER_UNSPECIFIED"
              }
            ],
            "networking_mode": "VPC_NATIVE",
            "node_config": [
              {
                "advanced_machine_features": [],
                "boot_disk_kms_key": "",
                "confidential_nodes": [],
                "containerd_config": [],
                "disk_size_gb": 50,
                "disk_type": "pd-balanced",
                "effective_taints": [],
                "enable_confidential_storage": false,
                "ephemeral_storage_local_ssd_config": [],
                "fast_socket": [],
                "gcfs_config": [],
                "guest_accelerator": [],
                "gvnic": [],
                "host_maintenance_policy": [],
                "image_type": "COS_CONTAINERD",
                "kubelet_config": [],
                "labels": {},
                "linux_node_config": [],
                "local_nvme_ssd_block_config": [],
                "local_ssd_count": 0,
                "logging_variant": "DEFAULT",
                "machine_type": "e2-micro",
                "metadata": {
                  "disable-legacy-endpoints": "true"
                },
                "min_cpu_platform": "",
                "node_group": "",
                "oauth_scopes": [
                  "https://www.googleapis.com/auth/devstorage.read_only",
                  "https://www.googleapis.com/auth/logging.write",
                  "https://www.googleapis.com/auth/monitoring",
                  "https://www.googleapis.com/auth/service.management.readonly",
                  "https://www.googleapis.com/auth/servicecontrol",
                  "https://www.googleapis.com/auth/trace.append"
                ],
                "preemptible": true,
                "reservation_affinity": [],
                "resource_labels": {},
                "resource_manager_tags": {},
                "secondary_boot_disks": [],
                "service_account": "default",
                "shielded_instance_config": [
                  {
                    "enable_integrity_monitoring": true,
                    "enable_secure_boot": false
                  }
                ],
                "sole_tenant_config": [],
                "spot": false,
                "storage_pools": [],
                "tags": [],
                "taint": [],
                "workload_metadata_config": []
              }
            ],
            "node_locations": [
              "europe-central2-a",
              "europe-central2-b",
              "europe-central2-c"
            ],
            "node_pool": [
              {
                "autoscaling": [],
                "initial_node_count": 1,
                "instance_group_urls": [
                  "https://www.googleapis.com/compute/v1/projects/forward-lead-435308-d1/zones/europe-central2-c/instanceGroupManagers/gke-my-test-cluster-default-pool-bae8e862-grp",
                  "https://www.googleapis.com/compute/v1/projects/forward-lead-435308-d1/zones/europe-central2-a/instanceGroupManagers/gke-my-test-cluster-default-pool-bdd36aff-grp",
                  "https://www.googleapis.com/compute/v1/projects/forward-lead-435308-d1/zones/europe-central2-b/instanceGroupManagers/gke-my-test-cluster-default-pool-f5a938ee-grp"
                ],
                "managed_instance_group_urls": [
                  "https://www.googleapis.com/compute/v1/projects/forward-lead-435308-d1/zones/europe-central2-c/instanceGroups/gke-my-test-cluster-default-pool-bae8e862-grp",
                  "https://www.googleapis.com/compute/v1/projects/forward-lead-435308-d1/zones/europe-central2-a/instanceGroups/gke-my-test-cluster-default-pool-bdd36aff-grp",
                  "https://www.googleapis.com/compute/v1/projects/forward-lead-435308-d1/zones/europe-central2-b/instanceGroups/gke-my-test-cluster-default-pool-f5a938ee-grp"
                ],
                "management": [
                  {
                    "auto_repair": true,
                    "auto_upgrade": true
                  }
                ],
                "max_pods_per_node": 110,
                "name": "default-pool",
                "name_prefix": "",
                "network_config": [
                  {
                    "additional_node_network_configs": [],
                    "additional_pod_network_configs": [],
                    "create_pod_range": false,
                    "enable_private_nodes": false,
                    "network_performance_config": [],
                    "pod_cidr_overprovision_config": [],
                    "pod_ipv4_cidr_block": "10.76.0.0/14",
                    "pod_range": "gke-my-test-cluster-pods-65f46ee1"
                  }
                ],
                "node_config": [
                  {
                    "advanced_machine_features": [],
                    "boot_disk_kms_key": "",
                    "confidential_nodes": [],
                    "containerd_config": [],
                    "disk_size_gb": 50,
                    "disk_type": "pd-balanced",
                    "effective_taints": [],
                    "enable_confidential_storage": false,
                    "ephemeral_storage_local_ssd_config": [],
                    "fast_socket": [],
                    "gcfs_config": [],
                    "guest_accelerator": [],
                    "gvnic": [],
                    "host_maintenance_policy": [],
                    "image_type": "COS_CONTAINERD",
                    "kubelet_config": [],
                    "labels": {},
                    "linux_node_config": [],
                    "local_nvme_ssd_block_config": [],
                    "local_ssd_count": 0,
                    "logging_variant": "DEFAULT",
                    "machine_type": "e2-micro",
                    "metadata": {
                      "disable-legacy-endpoints": "true"
                    },
                    "min_cpu_platform": "",
                    "node_group": "",
                    "oauth_scopes": [
                      "https://www.googleapis.com/auth/devstorage.read_only",
                      "https://www.googleapis.com/auth/logging.write",
                      "https://www.googleapis.com/auth/monitoring",
                      "https://www.googleapis.com/auth/service.management.readonly",
                      "https://www.googleapis.com/auth/servicecontrol",
                      "https://www.googleapis.com/auth/trace.append"
                    ],
                    "preemptible": true,
                    "reservation_affinity": [],
                    "resource_labels": {},
                    "resource_manager_tags": {},
                    "secondary_boot_disks": [],
                    "service_account": "default",
                    "shielded_instance_config": [
                      {
                        "enable_integrity_monitoring": true,
                        "enable_secure_boot": false
                      }
                    ],
                    "sole_tenant_config": [],
                    "spot": false,
                    "storage_pools": [],
                    "tags": [],
                    "taint": [],
                    "workload_metadata_config": []
                  }
                ],
                "node_count": 1,
                "node_locations": [
                  "europe-central2-a",
                  "europe-central2-b",
                  "europe-central2-c"
                ],
                "placement_policy": [],
                "queued_provisioning": [],
                "upgrade_settings": [
                  {
                    "blue_green_settings": [],
                    "max_surge": 1,
                    "max_unavailable": 0,
                    "strategy": "SURGE"
                  }
                ],
                "version": "1.30.3-gke.1969001"
              }
            ],
            "node_pool_auto_config": [],
            "node_pool_defaults": [
              {
                "node_config_defaults": [
                  {
                    "containerd_config": [],
                    "insecure_kubelet_readonly_port_enabled": "FALSE",
                    "logging_variant": "DEFAULT"
                  }
                ]
              }
            ],
            "node_version": "1.30.3-gke.1969001",
            "notification_config": [
              {
                "pubsub": [
                  {
                    "enabled": false,
                    "filter": [],
                    "topic": ""
                  }
                ]
              }
            ],
            "operation": null,
            "private_cluster_config": [
              {
                "enable_private_endpoint": false,
                "enable_private_nodes": false,
                "master_global_access_config": [
                  {
                    "enabled": false
                  }
                ],
                "master_ipv4_cidr_block": "",
                "peering_name": "",
                "private_endpoint": "10.186.0.6",
                "private_endpoint_subnetwork": "",
                "public_endpoint": "34.118.123.134"
              }
            ],
            "private_ipv6_google_access": "",
            "project": "forward-lead-435308-d1",
            "release_channel": [
              {
                "channel": "REGULAR"
              }
            ],
            "remove_default_node_pool": null,
            "resource_labels": {},
            "resource_usage_export_config": [],
            "secret_manager_config": [
              {
                "enabled": false
              }
            ],
            "security_posture_config": [
              {
                "mode": "BASIC",
                "vulnerability_mode": "VULNERABILITY_MODE_UNSPECIFIED"
              }
            ],
            "self_link": "https://container.googleapis.com/v1/projects/forward-lead-435308-d1/locations/europe-central2/clusters/my-test-cluster",
            "service_external_ips_config": [
              {
                "enabled": false
              }
            ],
            "services_ipv4_cidr": "34.118.224.0/20",
            "subnetwork": "projects/forward-lead-435308-d1/regions/europe-central2/subnetworks/default",
            "terraform_labels": {
              "goog-terraform-provisioned": "true"
            },
            "timeouts": null,
            "tpu_ipv4_cidr_block": "",
            "vertical_pod_autoscaling": [],
            "workload_identity_config": []
          },
          "sensitive_attributes": [
            [
              {
                "type": "get_attr",
                "value": "master_auth"
              },
              {
                "type": "index",
                "value": {
                  "value": 0,
                  "type": "number"
                }
              },
              {
                "type": "get_attr",
                "value": "client_key"
              }
            ]
          ],
          "private": "eyJlMmJmYjczMC1lY2FhLTExZTYtOGY4OC0zNDM2M2JjN2M0YzAiOnsiY3JlYXRlIjoyNDAwMDAwMDAwMDAwLCJkZWxldGUiOjI0MDAwMDAwMDAwMDAsInJlYWQiOjI0MDAwMDAwMDAwMDAsInVwZGF0ZSI6MzYwMDAwMDAwMDAwMH0sInNjaGVtYV92ZXJzaW9uIjoiMiJ9"
        }
      ]
    },
    {
      "mode": "managed",
      "type": "helm_release",
      "name": "argocd",
      "provider": "provider[\"registry.terraform.io/hashicorp/helm\"]",
      "instances": [
        {
          "schema_version": 1,
          "attributes": {
            "atomic": false,
            "chart": "argo-cd",
            "cleanup_on_fail": false,
            "create_namespace": true,
            "dependency_update": false,
            "description": null,
            "devel": null,
            "disable_crd_hooks": false,
            "disable_openapi_validation": false,
            "disable_webhooks": false,
            "force_update": false,
            "id": "argocd",
            "keyring": null,
            "lint": false,
            "manifest": null,
            "max_history": 0,
            "metadata": [
              {
                "app_version": "v2.12.3",
                "chart": "argo-cd",
                "first_deployed": 1727278601,
                "last_deployed": 1727278601,
                "name": "argocd",
                "namespace": "argocd",
                "notes": "In order to access the server UI you have the following options:\n\n1. kubectl port-forward service/argocd-server -n argocd 8080:443\n\n    and then open the browser on http://localhost:8080 and accept the certificate\n\n2. enable ingress in the values file `server.ingress.enabled` and either\n      - Add the annotation for ssl passthrough: https://argo-cd.readthedocs.io/en/stable/operator-manual/ingress/#option-1-ssl-passthrough\n      - Set the `configs.params.\"server.insecure\"` in the values file and terminate SSL at your ingress: https://argo-cd.readthedocs.io/en/stable/operator-manual/ingress/#option-2-multiple-ingress-objects-and-hosts\n\n\nAfter reaching the UI the first time you can login with username: admin and the random password generated during the installation. You can find the password by running:\n\nkubectl -n argocd get secret argocd-initial-admin-secret -o jsonpath=\"{.data.password}\" | base64 -d\n\n(You should delete the initial secret afterwards as suggested by the Getting Started Guide: https://argo-cd.readthedocs.io/en/stable/getting_started/#4-login-using-the-cli)\n",
                "revision": 1,
                "values": "{\"server\":{\"service\":{\"type\":\"LoadBalancer\"}}}",
                "version": "7.6.3"
              }
            ],
            "name": "argocd",
            "namespace": "argocd",
            "pass_credentials": false,
            "postrender": [],
            "recreate_pods": false,
            "render_subchart_notes": true,
            "replace": false,
            "repository": "https://argoproj.github.io/argo-helm",
            "repository_ca_file": null,
            "repository_cert_file": null,
            "repository_key_file": null,
            "repository_password": null,
            "repository_username": null,
            "reset_values": false,
            "reuse_values": false,
            "set": [],
            "set_list": [],
            "set_sensitive": [],
            "skip_crds": false,
            "status": "deployed",
            "timeout": 300,
            "upgrade_install": null,
            "values": [
              "    server:\n      service:\n        type: LoadBalancer\n"
            ],
            "verify": false,
            "version": "7.6.3",
            "wait": true,
            "wait_for_jobs": false
          },
          "sensitive_attributes": [
            [
              {
                "type": "get_attr",
                "value": "repository_password"
              }
            ]
          ],
          "private": "eyJzY2hlbWFfdmVyc2lvbiI6IjEifQ==",
          "dependencies": [
            "data.google_client_config.default",
            "google_container_cluster.primary"
          ]
        }
      ]
    }
  ],
  "check_results": null
}
